
Microsoft Visual Studio Solution File, Format Version 12.00
# Visual Studio Version 17
VisualStudioVersion = 17.11.35312.102
MinimumVisualStudioVersion = 10.0.40219.1
Project("{9A19103F-16F7-4668-BE54-9A1E7A4F7556}") = "ProjectArti.Api", "ProjectArti.Api\ProjectArti.Api.csproj", "{43388C1F-E98A-4905-81CC-C09DA983D168}"
EndProject
Project("{FAE04EC0-301F-11D3-BF4B-00C04F79EFBC}") = "Arti.Client", "Arti.Client\Arti.Client.csproj", "{C4A1B5B4-83F1-424F-AEBE-C05FEBB670A4}"
EndProject
Global
	GlobalSection(SolutionConfigurationPlatforms) = preSolution
		Debug|Any CPU = Debug|Any CPU
		Release|Any CPU = Release|Any CPU
	EndGlobalSection
	GlobalSection(ProjectConfigurationPlatforms) = postSolution
		{43388C1F-E98A-4905-81CC-C09DA983D168}.Debug|Any CPU.ActiveCfg = Debug|Any CPU
		{43388C1F-E98A-4905-81CC-C09DA983D168}.Debug|Any CPU.Build.0 = Debug|Any CPU
		{43388C1F-E98A-4905-81CC-C09DA983D168}.Release|Any CPU.ActiveCfg = Release|Any CPU
		{43388C1F-E98A-4905-81CC-C09DA983D168}.Release|Any CPU.Build.0 = Release|Any CPU
		{C4A1B5B4-83F1-424F-AEBE-C05FEBB670A4}.Debug|Any CPU.ActiveCfg = Debug|Any CPU
		{C4A1B5B4-83F1-424F-AEBE-C05FEBB670A4}.Debug|Any CPU.Build.0 = Debug|Any CPU
		{C4A1B5B4-83F1-424F-AEBE-C05FEBB670A4}.Release|Any CPU.ActiveCfg = Release|Any CPU
		{C4A1B5B4-83F1-424F-AEBE-C05FEBB670A4}.Release|Any CPU.Build.0 = Release|Any CPU
	EndGlobalSection
	GlobalSection(SolutionProperties) = preSolution
		HideSolutionNode = FALSE
	EndGlobalSection
	GlobalSection(ExtensibilityGlobals) = postSolution
		SolutionGuid = {A8FCE358-4BA1-4F60-A2AA-E184F50AFB63}
	EndGlobalSection
EndGlobal
